buf.build/gen/go/bwebster/orderservice/connectrpc/go v1.11.0-20230823211437-dc9828b5a358.1 h1:CczG5MvE6MywHFau2rPZc2NSwEsULab6KJVqErVG5U8=
buf.build/gen/go/bwebster/orderservice/connectrpc/go v1.11.0-20230823211437-dc9828b5a358.1/go.mod h1:OVgo89u476ogUoYmHGjTpwulUHkiexOiUjA5ehslWg4=
buf.build/gen/go/bwebster/orderservice/protocolbuffers/go v1.31.0-20230823211437-dc9828b5a358.1 h1:IEB9kjiv+dTklSttkz4bzbTswhPv6JlJYN9FC+OrzgY=
buf.build/gen/go/bwebster/orderservice/protocolbuffers/go v1.31.0-20230823211437-dc9828b5a358.1/go.mod h1:jW+xlubgl+lpYd3sPOLyFljD3hwdy6ZJTyEqZEKjNEs=
buf.build/gen/go/connectrpc/eliza/connectrpc/go v1.11.0-20230822171018-8b8b971d6fde.1 h1:FRcatSPT75Ag8k7HEl7I9JLKbU8PqowcgL+EFEZgsGM=
buf.build/gen/go/connectrpc/eliza/connectrpc/go v1.11.0-20230822171018-8b8b971d6fde.1/go.mod h1:PlZiHU7HyKAHyQXoO+4Qx5rS1MMkXRsQhqH6MJIuOFs=
connectrpc.com/connect v1.11.0 h1:Av2KQXxSaX4vjqhf5Cl01SX4dqYADQ38eBtr84JSUBk=
connectrpc.com/connect v1.11.0/go.mod h1:3AGaO6RRGMx5IKFfqbe3hvK1NqLosFNP2BxDYTPmNPo=
github.com/golang/protobuf v1.5.0/go.mod h1:FsONVRAS9T7sI+LIUmWTfcYkHO4aIWwzhcaSAoJOfIk=
github.com/google/go-cmp v0.5.5/go.mod h1:v8dTdLbMG2kIc/vJvl+f65V22dbkXbowE6jgT/gNBxE=
golang.org/x/net v0.14.0 h1:BONx9s002vGdD9umnlX1Po8vOZmrgH34qlHcD1MfK14=
golang.org/x/net v0.14.0/go.mod h1:PpSgVXXLK0OxS0F31C1/tv6XNguvCrnXIDrFMspZIUI=
golang.org/x/text v0.12.0 h1:k+n5B8goJNdU7hSvEtMUz3d1Q6D/XW4COJSJR6fN0mc=
golang.org/x/text v0.12.0/go.mod h1:TvPlkZtksWOMsz7fbANvkp4WM8x/WCo/om8BMLbz+aE=
golang.org/x/xerrors v0.0.0-20191204190536-9bdfabe68543/go.mod h1:I/5z698sn9Ka8TeJc9MKroUUfqBBauWjQqLJ2OPfmY0=
google.golang.org/protobuf v1.26.0-rc.1/go.mod h1:jlhhOSvTdKEhbULTjvd4ARK9grFBp09yW+WbY/TyQbw=
google.golang.org/protobuf v1.31.0/go.mod h1:HV8QOd/L58Z+nl8r43ehVNZIU/HEI6OcFqwMG9pJV4I=
